
Microsoft Visual Studio Solution File, Format Version 12.00
# Visual Studio Version 16
VisualStudioVersion = 16.0.31321.278
MinimumVisualStudioVersion = 10.0.40219.1
Project("{9A19103F-16F7-4668-BE54-9A1E7A4F7556}") = "Perfius", "Perfius.csproj", "{41AF3699-A201-40CA-9DF1-6E2E0CE5ABF7}"
EndProject
Global
	GlobalSection(SolutionConfigurationPlatforms) = preSolution
		Debug|Any CPU = Debug|Any CPU
		Release|Any CPU = Release|Any CPU
	EndGlobalSection
	GlobalSection(ProjectConfigurationPlatforms) = postSolution
		{41AF3699-A201-40CA-9DF1-6E2E0CE5ABF7}.Debug|Any CPU.ActiveCfg = Debug|Any CPU
		{41AF3699-A201-40CA-9DF1-6E2E0CE5ABF7}.Debug|Any CPU.Build.0 = Debug|Any CPU
		{41AF3699-A201-40CA-9DF1-6E2E0CE5ABF7}.Release|Any CPU.ActiveCfg = Release|Any CPU
		{41AF3699-A201-40CA-9DF1-6E2E0CE5ABF7}.Release|Any CPU.Build.0 = Release|Any CPU
	EndGlobalSection
	GlobalSection(SolutionProperties) = preSolution
		HideSolutionNode = FALSE
	EndGlobalSection
	GlobalSection(ExtensibilityGlobals) = postSolution
		SolutionGuid = {E608E52B-159C-44A0-B7ED-7367C21337F6}
	EndGlobalSection
EndGlobal
